#STM32CubeMX 6.10.0
# Finger Node Configuration - STM32F103C8T6
# Dexterous Hand Project

# MCU Configuration
MCU.IP0=NVIC
MCU.IP1=RCC
MCU.IP2=SYS
MCU.IP3=TIM2
MCU.IP4=TIM3
MCU.IP5=TIM6
MCU.IP6=TIM7
MCU.IP7=ADC1
MCU.IP8=CAN
MCU.IP9=GPIO
MCU.IPNb=10
Mcu.Family=STM32F1
Mcu.Package=LQFP48
Mcu.Pin0=PD0
Mcu.Pin1=PD1
Mcu.Pin10=PA10
Mcu.Pin11=PA11
Mcu.Pin12=PA12
Mcu.Pin13=PA13
Mcu.Pin14=PA14
Mcu.Pin15=PA15
Mcu.Pin16=PB0
Mcu.Pin17=PB1
Mcu.Pin18=PB2
Mcu.Pin19=PB3
Mcu.Pin2=PD2
Mcu.Pin20=PB4
Mcu.Pin21=PB5
Mcu.Pin22=PB6
Mcu.Pin23=PB7
Mcu.Pin24=PB8
Mcu.Pin25=PB9
Mcu.Pin26=PB10
Mcu.Pin27=PB11
Mcu.Pin28=PB12
Mcu.Pin29=PB13
Mcu.Pin3=PC13
Mcu.Pin30=PB14
Mcu.Pin31=PB15
Mcu.Pin32=PA2
Mcu.Pin33=PA3
Mcu.Pin34=PA4
Mcu.Pin35=PA5
Mcu.Pin36=PA6
Mcu.Pin37=PA7
Mcu.Pin38=PB0
Mcu.Pin39=PB1
Mcu.Pin4=PC14
Mcu.Pin40=PB10
Mcu.Pin41=PB11
Mcu.Pin5=PC15
Mcu.Pin6=PH0
Mcu.Pin7=PH1
Mcu.Pin8=PA0
Mcu.Pin9=PA1
Mcu.PinsNb=42
Mcu.ThirdPartyNb=0
Mcu.UserName=STM32F103C8Tx
Mcu.Version=STM32CubeMX-6.10.0

# RCC Configuration
RCC.ADCFreqValue=36000000
RCC.AHBFreq_Value=72000000
RCC.APB1CLKDivider=RCC_HCLK_DIV2
RCC.APB1Freq_Value=36000000
RCC.APB1TimFreq_Value=72000000
RCC.APB2Freq_Value=72000000
RCC.APB2TimFreq_Value=72000000
RCC.FCLKCortexFreq_Value=72000000
RCC.FamilyName=M
RCC.HCLKFreq_Value=72000000
RCC.HSE_VALUE=8000000
RCC.IPParameters=APB1CLKDivider,APB1Freq_Value,APB1TimFreq_Value,APB2Freq_Value,APB2TimFreq_Value,FCLKCortexFreq_Value,HCLKFreq_Value,PLLCLKFreq_Value,PLLCLK_VALUE,PLLMUL,RTCFreq_Value,SYSCLKFreq_VALUE,SYSCLKSource
RCC.PLLCLKFreq_Value=72000000
RCC.PLLCLK_VALUE=72000000
RCC.PLLMUL=RCC_PLL_MUL9
RCC.RTCFreq_Value=32000
RCC.SYSCLKFreq_VALUE=72000000
RCC.SYSCLKSource=RCC_SYSCLKSOURCE_PLLCLK
VP_RCC_SYSCLKFreq.VALUE=72000000

# TIM2 Configuration (Encoder)
TIM2.Channel1.Start=0
TIM2.Channel1.Stop=65535
TIM2.IPParameters=Channel1
TIM2.Prescaler=0
TIM2.Period=65535
TIM2.CounterMode=TIM_COUNTERMODE_UP
TIM2.EncoderMode=TIM_ENCODERMODE_TI12
TIM2.IC1Filter=15
TIM2.IC2Filter=15

# TIM3 Configuration (PWM)
TIM3.Channel1=PWM_GENERATION
TIM3.IPParameters=Pulse,Prescaler,Period
TIM3.Prescaler=72-1
TIM3.Period=1000-1
TIM3.Pulse=0

# TIM6 Configuration (Position Loop 1kHz)
TIM6.IPParameters=Prescaler,Period
TIM6.Prescaler=72-1
TIM6.Period=1000-1

# TIM7 Configuration (Force Loop 500Hz)
TIM7.IPParameters=Prescaler,Period
TIM7.Prescaler=72-1
TIM7.Period=2000-1

# ADC1 Configuration
ADC1.IPParameters=ScanConvMode,ContinuousConvMode,ExternalTrigConv,DataAlign,NbrOfConversion
ADC1.ScanConvMode=DISABLE
ADC1.ContinuousConvMode=DISABLE
ADC1.ExternalTrigConv=ADC_SOFTWARE_START
ADC1.DataAlign=ADC_DATAALIGN_RIGHT
ADC1.NbrOfConversion=1
ADC1.Channel2.Rank=1
ADC1.Channel2.SamplingTime=ADC_SAMPLETIME_239CYCLES_5

# CAN1 Configuration
CAN1.IPParameters=Prescaler,TimeSeg1,TimeSeg2,SJW
CAN1.Prescaler=9
CAN1.TimeSeg1=CAN_BS1_8TQ
CAN1.TimeSeg2=CAN_BS2_7TQ
CAN1.SJW=CAN_SJW_1TQ

# NVIC Configuration
NVIC.BusFault_IRQn=true\:0\:0\:false\:false\:true\:true\:false\:false\:true
NVIC.BusFault_IRQn=true\:0\:0\:false\:false\:true\:true\:false\:false\:true
NVIC.CAN1_RX0_IRQn=true\:1\:0\:false\:false\:true\:true\:false\:false\:true
NVIC.DebugMon_IRQn=true\:0\:0\:false\:false\:true\:true\:false\:false\:true
NVIC.ForceEnableDMA498=true
NVIC.HardFault_IRQn=true\:0\:0\:false\:false\:true\:true\:false\:false\:true
NVIC.MemoryManagement_IRQn=true\:0\:0\:false\:false\:true\:true\:false\:false\:true
NVIC.NonMaskableInt_IRQn=true\:0\:0\:false\:false\:true\:true\:false\:false\:true
NVIC.PendSV_IRQn=true\:0\:0\:false\:false\:true\:true\:false\:false\:true
NVIC.PriorityGroup=NVIC_PRIORITYGROUP_4
NVIC.SVCall_IRQn=true\:0\:0\:false\:false\:true\:true\:false\:false\:true
NVIC.SysTick_IRQn=true\:0\:0\:false\:false\:true\:true\:false\:false\:true
NVIC.TIM6_DAC_IRQn=true\:3\:0\:false\:false\:true\:true\:false\:false\:true
NVIC.TIM7_IRQn=true\:2\:0\:false\:false\:true\:true\:false\:false\:true
NVIC.UsageFault_IRQn=true\:0\:0\:false\:false\:true\:true\:false\:false\:true

# GPIO Configuration
PA0.Mode=GPIO_MODE_INPUT
PA0.Pull=GPIO_NOPULL
PA1.Mode=GPIO_MODE_INPUT
PA1.Pull=GPIO_NOPULL
PA2.GPIOParameters=GPIO_ModeDefaultAHB
PA2.Mode=ADC1_IN2
PA5.Mode=TIM3_CH1
PB2.Mode=GPIO_Output
PB2.GPIO_Label=MOTOR_DIR_A
PB3.Mode=GPIO_Output
PB3.GPIO_Label=MOTOR_DIR_B
PA11.Mode=CAN1_RX
PA12.Mode=CAN1_TX
PC13.Mode=GPIO_Output
PC13.GPIO_Label=LED
PC13.PinState=GPIO_PIN_SET

# Signal Configuration
S.Encoder_A.DefaultPin=0
S.Encoder_A.GPIO_Pin=0
S.Encoder_A.GPIO_Port=GPIOA
S.Encoder_A.Locked=0
S.Encoder_A.Mode=TIM2_CH1
S.Encoder_A.Signal=TIM2_CH1

S.Encoder_B.DefaultPin=0
S.Encoder_B.GPIO_Pin=1
S.Encoder_B.GPIO_Port=GPIOA
S.Encoder_B.Locked=0
S.Encoder_B.Mode=TIM2_CH2
S.Encoder_B.Signal=TIM2_CH2

S.FSR_ADC.DefaultPin=0
S.FSR_ADC.GPIO_Pin=2
S.FSR_ADC.GPIO_Port=GPIOA
S.FSR_ADC.Locked=0
S.FSR_ADC.Mode=ADC1_IN2
S.FSR_ADC.Signal=ADC1_IN2

S.Motor_PWM.DefaultPin=0
S.Motor_PWM.GPIO_Pin=5
S.Motor_PWM.GPIO_Port=GPIOA
S.Motor_PWM.Locked=0
S.Motor_PWM.Mode=TIM3_CH1
S.Motor_PWM.Signal=TIM3_CH1

S.CAN1_RX.DefaultPin=0
S.CAN1_RX.GPIO_Pin=11
S.CAN1_RX.GPIO_Port=GPIOA
S.CAN1_RX.Locked=0
S.CAN1_RX.Mode=CAN1_RX
S.CAN1_RX.Signal=CAN1_RX

S.CAN1_TX.DefaultPin=0
S.CAN1_TX.GPIO_Pin=12
S.CAN1_TX.GPIO_Port=GPIOA
S.CAN1_TX.Locked=0
S.CAN1_TX.Mode=CAN1_TX
S.CAN1_TX.Signal=CAN1_TX

# Project Configuration
ProjectManager.AskForMigrate=true
ProjectManager.BackupPrev498=true
ProjectManager.CompilerOptimize=6
ProjectManager.ComputerToolchain=false
ProjectManager.CoupleFile=true
ProjectManager.CustomerFirmwarePackage=
ProjectManager.DefaultFWLocation=true
ProjectManager.DeletePrevGen=true
ProjectManager.DeviceId=STM32F103C8Tx
ProjectManager.FirmwarePackage=STM32Cube FW_F1 V1.8.5
ProjectManager.FreePins=false
ProjectManager.HalAssertFull=false
ProjectManager.HeapSize=0x200
ProjectManager.KeepUserCode=true
ProjectManager.LastFirmware=true
ProjectManager.LibraryCopy=1
ProjectManager.MainLocation=Core/Src
ProjectManager.NoMain=false
ProjectManager.PreviousToolchain=
ProjectManager.ProjectFileName=finger_node.ioc
ProjectManager.ProjectName=finger_node
ProjectManager.RegisterCallBack=
ProjectManager.StackSize=0x400
ProjectManager.TargetToolchain=STM32CubeIDE
ProjectManager.ToolChainId=com.st.stm32cube.ide.mcu.gnu.managedbuild.toolchain.exe.debug
